
Microsoft Visual Studio Solution File, Format Version 12.00
# Visual Studio Version 16
VisualStudioVersion = 16.0.30011.22
MinimumVisualStudioVersion = 10.0.40219.1
Project("{FAE04EC0-301F-11D3-BF4B-00C04F79EFBC}") = "IdentityMaster", "IdentityMaster\IdentityMaster.csproj", "{977A5253-54E7-4679-8CC5-DD61B1D17E0B}"
EndProject
Global
	GlobalSection(SolutionConfigurationPlatforms) = preSolution
		Debug|Any CPU = Debug|Any CPU
		Release|Any CPU = Release|Any CPU
	EndGlobalSection
	GlobalSection(ProjectConfigurationPlatforms) = postSolution
		{977A5253-54E7-4679-8CC5-DD61B1D17E0B}.Debug|Any CPU.ActiveCfg = Debug|Any CPU
		{977A5253-54E7-4679-8CC5-DD61B1D17E0B}.Debug|Any CPU.Build.0 = Debug|Any CPU
		{977A5253-54E7-4679-8CC5-DD61B1D17E0B}.Release|Any CPU.ActiveCfg = Release|Any CPU
		{977A5253-54E7-4679-8CC5-DD61B1D17E0B}.Release|Any CPU.Build.0 = Release|Any CPU
	EndGlobalSection
	GlobalSection(SolutionProperties) = preSolution
		HideSolutionNode = FALSE
	EndGlobalSection
	GlobalSection(ExtensibilityGlobals) = postSolution
		SolutionGuid = {C2331232-0B61-4A12-BBF0-190FADF25F90}
	EndGlobalSection
EndGlobal
